
Microsoft Visual Studio Solution File, Format Version 12.00
# Visual Studio 2013
VisualStudioVersion = 12.0.31101.0
MinimumVisualStudioVersion = 10.0.40219.1
Project("{FAE04EC0-301F-11D3-BF4B-00C04F79EFBC}") = "RPG experiment", "RPG experiment\RPG experiment.csproj", "{D59B308E-19CC-43E8-96A5-985C1FC7C9AB}"
EndProject
Global
	GlobalSection(SolutionConfigurationPlatforms) = preSolution
		Debug|Any CPU = Debug|Any CPU
		Release|Any CPU = Release|Any CPU
	EndGlobalSection
	GlobalSection(ProjectConfigurationPlatforms) = postSolution
		{D59B308E-19CC-43E8-96A5-985C1FC7C9AB}.Debug|Any CPU.ActiveCfg = Debug|Any CPU
		{D59B308E-19CC-43E8-96A5-985C1FC7C9AB}.Debug|Any CPU.Build.0 = Debug|Any CPU
		{D59B308E-19CC-43E8-96A5-985C1FC7C9AB}.Release|Any CPU.ActiveCfg = Release|Any CPU
		{D59B308E-19CC-43E8-96A5-985C1FC7C9AB}.Release|Any CPU.Build.0 = Release|Any CPU
	EndGlobalSection
	GlobalSection(SolutionProperties) = preSolution
		HideSolutionNode = FALSE
	EndGlobalSection
EndGlobal
