
Microsoft Visual Studio Solution File, Format Version 12.00
# Visual Studio 2013
VisualStudioVersion = 12.0.40629.0
MinimumVisualStudioVersion = 10.0.40219.1
Project("{FAE04EC0-301F-11D3-BF4B-00C04F79EFBC}") = "Blog.web", "Blog\Blog.web.csproj", "{3EBE820F-F4B0-4C57-AA44-486528B6F397}"
EndProject
Project("{FAE04EC0-301F-11D3-BF4B-00C04F79EFBC}") = "Blog.BLL", "Blog.BLL\Blog.BLL.csproj", "{32CBB93B-EA01-45E2-B166-A474394733A7}"
EndProject
Project("{FAE04EC0-301F-11D3-BF4B-00C04F79EFBC}") = "Blog.IBLL", "Blog.IBLL\Blog.IBLL.csproj", "{750EBCFB-FEF6-41CC-AF5A-71AEB77B0C84}"
EndProject
Project("{FAE04EC0-301F-11D3-BF4B-00C04F79EFBC}") = "Blog.DAL", "Blog.DAL\Blog.DAL.csproj", "{3F5A1E6F-9D77-422F-8590-771D6244890F}"
EndProject
Project("{FAE04EC0-301F-11D3-BF4B-00C04F79EFBC}") = "Blog.IDAL", "Blog.IDAL\Blog.IDAL.csproj", "{76AE4D7D-8706-42B3-BA7F-4107BFBBA5DD}"
EndProject
Project("{FAE04EC0-301F-11D3-BF4B-00C04F79EFBC}") = "Blog.Common", "Blog.Common\Blog.Common.csproj", "{E0D01CED-6BA8-44E4-9086-147B41E7FFAF}"
EndProject
Project("{FAE04EC0-301F-11D3-BF4B-00C04F79EFBC}") = "Blog.Core", "Blog.Core\Blog.Core.csproj", "{831ADBD6-B805-41B7-B74B-4E133D03CD7F}"
EndProject
Project("{FAE04EC0-301F-11D3-BF4B-00C04F79EFBC}") = "Blog.Models", "Blog.Models\Blog.Models.csproj", "{43B3C599-E541-4C5E-AFFA-FE50BEC86C6B}"
EndProject
Global
	GlobalSection(SolutionConfigurationPlatforms) = preSolution
		Debug|Any CPU = Debug|Any CPU
		Release|Any CPU = Release|Any CPU
	EndGlobalSection
	GlobalSection(ProjectConfigurationPlatforms) = postSolution
		{3EBE820F-F4B0-4C57-AA44-486528B6F397}.Debug|Any CPU.ActiveCfg = Debug|Any CPU
		{3EBE820F-F4B0-4C57-AA44-486528B6F397}.Debug|Any CPU.Build.0 = Debug|Any CPU
		{3EBE820F-F4B0-4C57-AA44-486528B6F397}.Release|Any CPU.ActiveCfg = Release|Any CPU
		{3EBE820F-F4B0-4C57-AA44-486528B6F397}.Release|Any CPU.Build.0 = Release|Any CPU
		{32CBB93B-EA01-45E2-B166-A474394733A7}.Debug|Any CPU.ActiveCfg = Debug|Any CPU
		{32CBB93B-EA01-45E2-B166-A474394733A7}.Debug|Any CPU.Build.0 = Debug|Any CPU
		{32CBB93B-EA01-45E2-B166-A474394733A7}.Release|Any CPU.ActiveCfg = Release|Any CPU
		{32CBB93B-EA01-45E2-B166-A474394733A7}.Release|Any CPU.Build.0 = Release|Any CPU
		{750EBCFB-FEF6-41CC-AF5A-71AEB77B0C84}.Debug|Any CPU.ActiveCfg = Debug|Any CPU
		{750EBCFB-FEF6-41CC-AF5A-71AEB77B0C84}.Debug|Any CPU.Build.0 = Debug|Any CPU
		{750EBCFB-FEF6-41CC-AF5A-71AEB77B0C84}.Release|Any CPU.ActiveCfg = Release|Any CPU
		{750EBCFB-FEF6-41CC-AF5A-71AEB77B0C84}.Release|Any CPU.Build.0 = Release|Any CPU
		{3F5A1E6F-9D77-422F-8590-771D6244890F}.Debug|Any CPU.ActiveCfg = Debug|Any CPU
		{3F5A1E6F-9D77-422F-8590-771D6244890F}.Debug|Any CPU.Build.0 = Debug|Any CPU
		{3F5A1E6F-9D77-422F-8590-771D6244890F}.Release|Any CPU.ActiveCfg = Release|Any CPU
		{3F5A1E6F-9D77-422F-8590-771D6244890F}.Release|Any CPU.Build.0 = Release|Any CPU
		{76AE4D7D-8706-42B3-BA7F-4107BFBBA5DD}.Debug|Any CPU.ActiveCfg = Debug|Any CPU
		{76AE4D7D-8706-42B3-BA7F-4107BFBBA5DD}.Debug|Any CPU.Build.0 = Debug|Any CPU
		{76AE4D7D-8706-42B3-BA7F-4107BFBBA5DD}.Release|Any CPU.ActiveCfg = Release|Any CPU
		{76AE4D7D-8706-42B3-BA7F-4107BFBBA5DD}.Release|Any CPU.Build.0 = Release|Any CPU
		{E0D01CED-6BA8-44E4-9086-147B41E7FFAF}.Debug|Any CPU.ActiveCfg = Debug|Any CPU
		{E0D01CED-6BA8-44E4-9086-147B41E7FFAF}.Debug|Any CPU.Build.0 = Debug|Any CPU
		{E0D01CED-6BA8-44E4-9086-147B41E7FFAF}.Release|Any CPU.ActiveCfg = Release|Any CPU
		{E0D01CED-6BA8-44E4-9086-147B41E7FFAF}.Release|Any CPU.Build.0 = Release|Any CPU
		{831ADBD6-B805-41B7-B74B-4E133D03CD7F}.Debug|Any CPU.ActiveCfg = Debug|Any CPU
		{831ADBD6-B805-41B7-B74B-4E133D03CD7F}.Debug|Any CPU.Build.0 = Debug|Any CPU
		{831ADBD6-B805-41B7-B74B-4E133D03CD7F}.Release|Any CPU.ActiveCfg = Release|Any CPU
		{831ADBD6-B805-41B7-B74B-4E133D03CD7F}.Release|Any CPU.Build.0 = Release|Any CPU
		{43B3C599-E541-4C5E-AFFA-FE50BEC86C6B}.Debug|Any CPU.ActiveCfg = Debug|Any CPU
		{43B3C599-E541-4C5E-AFFA-FE50BEC86C6B}.Debug|Any CPU.Build.0 = Debug|Any CPU
		{43B3C599-E541-4C5E-AFFA-FE50BEC86C6B}.Release|Any CPU.ActiveCfg = Release|Any CPU
		{43B3C599-E541-4C5E-AFFA-FE50BEC86C6B}.Release|Any CPU.Build.0 = Release|Any CPU
	EndGlobalSection
	GlobalSection(SolutionProperties) = preSolution
		HideSolutionNode = FALSE
	EndGlobalSection
EndGlobal
